
Microsoft Visual Studio Solution File, Format Version 12.00
# Visual Studio Version 16
VisualStudioVersion = 16.0.32413.511
MinimumVisualStudioVersion = 10.0.40219.1
Project("{FAE04EC0-301F-11D3-BF4B-00C04F79EFBC}") = "sandyDockerGitPull", "sandyDockerGitPull\sandyDockerGitPull.csproj", "{A580EFA0-F5B2-43B8-BC7C-BE440D91D80A}"
EndProject
Global
	GlobalSection(SolutionConfigurationPlatforms) = preSolution
		Debug|Any CPU = Debug|Any CPU
		Release|Any CPU = Release|Any CPU
	EndGlobalSection
	GlobalSection(ProjectConfigurationPlatforms) = postSolution
		{A580EFA0-F5B2-43B8-BC7C-BE440D91D80A}.Debug|Any CPU.ActiveCfg = Debug|Any CPU
		{A580EFA0-F5B2-43B8-BC7C-BE440D91D80A}.Debug|Any CPU.Build.0 = Debug|Any CPU
		{A580EFA0-F5B2-43B8-BC7C-BE440D91D80A}.Release|Any CPU.ActiveCfg = Release|Any CPU
		{A580EFA0-F5B2-43B8-BC7C-BE440D91D80A}.Release|Any CPU.Build.0 = Release|Any CPU
	EndGlobalSection
	GlobalSection(SolutionProperties) = preSolution
		HideSolutionNode = FALSE
	EndGlobalSection
	GlobalSection(ExtensibilityGlobals) = postSolution
		SolutionGuid = {3C12144E-8D06-4DBC-95AC-BC0F719D6B84}
	EndGlobalSection
EndGlobal
